
Microsoft Visual Studio Solution File, Format Version 12.00
# Visual Studio Version 17
VisualStudioVersion = 17.14.37027.9
MinimumVisualStudioVersion = 10.0.40219.1
Project("{FAE04EC0-301F-11D3-BF4B-00C04F79EFBC}") = "Demo01", "Demo01\Demo01.csproj", "{82F78173-C4D3-4C18-90AD-637E18E74B8A}"
EndProject
Project("{FAE04EC0-301F-11D3-BF4B-00C04F79EFBC}") = "OOP", "OOP\OOP.csproj", "{B85E6657-F336-409E-B1A7-99435B5EB3F9}"
EndProject
Project("{FAE04EC0-301F-11D3-BF4B-00C04F79EFBC}") = "Comman", "Comman\Comman.csproj", "{18804FE6-B285-4028-9E3F-7D4B9722A91A}"
EndProject
Global
	GlobalSection(SolutionConfigurationPlatforms) = preSolution
		Debug|Any CPU = Debug|Any CPU
		Release|Any CPU = Release|Any CPU
	EndGlobalSection
	GlobalSection(ProjectConfigurationPlatforms) = postSolution
		{82F78173-C4D3-4C18-90AD-637E18E74B8A}.Debug|Any CPU.ActiveCfg = Debug|Any CPU
		{82F78173-C4D3-4C18-90AD-637E18E74B8A}.Debug|Any CPU.Build.0 = Debug|Any CPU
		{82F78173-C4D3-4C18-90AD-637E18E74B8A}.Release|Any CPU.ActiveCfg = Release|Any CPU
		{82F78173-C4D3-4C18-90AD-637E18E74B8A}.Release|Any CPU.Build.0 = Release|Any CPU
		{B85E6657-F336-409E-B1A7-99435B5EB3F9}.Debug|Any CPU.ActiveCfg = Debug|Any CPU
		{B85E6657-F336-409E-B1A7-99435B5EB3F9}.Debug|Any CPU.Build.0 = Debug|Any CPU
		{B85E6657-F336-409E-B1A7-99435B5EB3F9}.Release|Any CPU.ActiveCfg = Release|Any CPU
		{B85E6657-F336-409E-B1A7-99435B5EB3F9}.Release|Any CPU.Build.0 = Release|Any CPU
		{18804FE6-B285-4028-9E3F-7D4B9722A91A}.Debug|Any CPU.ActiveCfg = Debug|Any CPU
		{18804FE6-B285-4028-9E3F-7D4B9722A91A}.Debug|Any CPU.Build.0 = Debug|Any CPU
		{18804FE6-B285-4028-9E3F-7D4B9722A91A}.Release|Any CPU.ActiveCfg = Release|Any CPU
		{18804FE6-B285-4028-9E3F-7D4B9722A91A}.Release|Any CPU.Build.0 = Release|Any CPU
	EndGlobalSection
	GlobalSection(SolutionProperties) = preSolution
		HideSolutionNode = FALSE
	EndGlobalSection
	GlobalSection(ExtensibilityGlobals) = postSolution
		SolutionGuid = {D11F92FD-50B2-4630-8FE5-53CBC7B201D7}
	EndGlobalSection
EndGlobal
